
Microsoft Visual Studio Solution File, Format Version 12.00
# Visual Studio Version 16
VisualStudioVersion = 16.0.30717.126
MinimumVisualStudioVersion = 10.0.40219.1
Project("{FAE04EC0-301F-11D3-BF4B-00C04F79EFBC}") = "nChain.CreateDB", "nChain.CreateDB\nChain.CreateDB.csproj", "{89134516-5981-4ED6-92DD-A97051873304}"
EndProject
Global
	GlobalSection(SolutionConfigurationPlatforms) = preSolution
		Debug|Any CPU = Debug|Any CPU
		Release|Any CPU = Release|Any CPU
	EndGlobalSection
	GlobalSection(ProjectConfigurationPlatforms) = postSolution
		{89134516-5981-4ED6-92DD-A97051873304}.Debug|Any CPU.ActiveCfg = Debug|Any CPU
		{89134516-5981-4ED6-92DD-A97051873304}.Debug|Any CPU.Build.0 = Debug|Any CPU
		{89134516-5981-4ED6-92DD-A97051873304}.Release|Any CPU.ActiveCfg = Release|Any CPU
		{89134516-5981-4ED6-92DD-A97051873304}.Release|Any CPU.Build.0 = Release|Any CPU
	EndGlobalSection
	GlobalSection(SolutionProperties) = preSolution
		HideSolutionNode = FALSE
	EndGlobalSection
	GlobalSection(ExtensibilityGlobals) = postSolution
		SolutionGuid = {60BA9035-8B93-430C-BC91-B51248DCDD08}
	EndGlobalSection
EndGlobal
